
Microsoft Visual Studio Solution File, Format Version 12.00
# Visual Studio 15
VisualStudioVersion = 15.0.28307.1082
MinimumVisualStudioVersion = 10.0.40219.1
Project("{FAE04EC0-301F-11D3-BF4B-00C04F79EFBC}") = "PP(Z9)", "PP(Z9)\PP(Z9).csproj", "{0D2D9038-09DB-4C65-A5EC-883C6B2E66FB}"
EndProject
Project("{FAE04EC0-301F-11D3-BF4B-00C04F79EFBC}") = "PP(Z9_1)", "PP(Z9_1)\PP(Z9_1).csproj", "{F635912C-2EE5-4AC7-990C-430B8CD47C11}"
EndProject
Global
	GlobalSection(SolutionConfigurationPlatforms) = preSolution
		Debug|Any CPU = Debug|Any CPU
		Release|Any CPU = Release|Any CPU
	EndGlobalSection
	GlobalSection(ProjectConfigurationPlatforms) = postSolution
		{0D2D9038-09DB-4C65-A5EC-883C6B2E66FB}.Debug|Any CPU.ActiveCfg = Debug|Any CPU
		{0D2D9038-09DB-4C65-A5EC-883C6B2E66FB}.Debug|Any CPU.Build.0 = Debug|Any CPU
		{0D2D9038-09DB-4C65-A5EC-883C6B2E66FB}.Release|Any CPU.ActiveCfg = Release|Any CPU
		{0D2D9038-09DB-4C65-A5EC-883C6B2E66FB}.Release|Any CPU.Build.0 = Release|Any CPU
		{F635912C-2EE5-4AC7-990C-430B8CD47C11}.Debug|Any CPU.ActiveCfg = Debug|Any CPU
		{F635912C-2EE5-4AC7-990C-430B8CD47C11}.Debug|Any CPU.Build.0 = Debug|Any CPU
		{F635912C-2EE5-4AC7-990C-430B8CD47C11}.Release|Any CPU.ActiveCfg = Release|Any CPU
		{F635912C-2EE5-4AC7-990C-430B8CD47C11}.Release|Any CPU.Build.0 = Release|Any CPU
	EndGlobalSection
	GlobalSection(SolutionProperties) = preSolution
		HideSolutionNode = FALSE
	EndGlobalSection
	GlobalSection(ExtensibilityGlobals) = postSolution
		SolutionGuid = {B0A00235-21E9-4F85-A576-0430125D581B}
	EndGlobalSection
EndGlobal
